// !$*UTF8*$!
{
	archiveVersion = 1;
	classes = {
	};
	objectVersion = 51;
	objects = {

/* Begin PBXBuildFile section */
		776D647D22CBC420007D290E /* DataText.swift in Sources */ = {isa = PBXBuildFile; fileRef = 776D647C22CBC420007D290E /* DataText.swift */; };
		77B46BE02230E9CF00EC2FC0 /* message.swift in Sources */ = {isa = PBXBuildFile; fileRef = 77B46BDF2230E9CF00EC2FC0 /* message.swift */; };
		77E119B8222FE18F0082F804 /* AppDelegate.swift in Sources */ = {isa = PBXBuildFile; fileRef = 77E119B7222FE18F0082F804 /* AppDelegate.swift */; };
		77E119BA222FE18F0082F804 /* MainViewController.swift in Sources */ = {isa = PBXBuildFile; fileRef = 77E119B9222FE18F0082F804 /* MainViewController.swift */; };
		77E119BD222FE18F0082F804 /* Main.storyboard in Resources */ = {isa = PBXBuildFile; fileRef = 77E119BB222FE18F0082F804 /* Main.storyboard */; };
		77E119BF222FE1900082F804 /* Assets.xcassets in Resources */ = {isa = PBXBuildFile; fileRef = 77E119BE222FE1900082F804 /* Assets.xcassets */; };
		77E119C2222FE1900082F804 /* LaunchScreen.storyboard in Resources */ = {isa = PBXBuildFile; fileRef = 77E119C0222FE1900082F804 /* LaunchScreen.storyboard */; };
/* End PBXBuildFile section */

/* Begin PBXFileReference section */
		776D647C22CBC420007D290E /* DataText.swift */ = {isa = PBXFileReference; lastKnownFileType = sourcecode.swift; path = DataText.swift; sourceTree = "<group>"; };
		77B46BDF2230E9CF00EC2FC0 /* message.swift */ = {isa = PBXFileReference; lastKnownFileType = sourcecode.swift; path = message.swift; sourceTree = "<group>"; };
		77E119B4222FE18F0082F804 /* Pass Data Tab Controller.app */ = {isa = PBXFileReference; explicitFileType = wrapper.application; includeInIndex = 0; path = "Pass Data Tab Controller.app"; sourceTree = BUILT_PRODUCTS_DIR; };
		77E119B7222FE18F0082F804 /* AppDelegate.swift */ = {isa = PBXFileReference; lastKnownFileType = sourcecode.swift; path = AppDelegate.swift; sourceTree = "<group>"; };
		77E119B9222FE18F0082F804 /* MainViewController.swift */ = {isa = PBXFileReference; lastKnownFileType = sourcecode.swift; path = MainViewController.swift; sourceTree = "<group>"; };
		77E119BC222FE18F0082F804 /* Base */ = {isa = PBXFileReference; lastKnownFileType = file.storyboard; name = Base; path = Base.lproj/Main.storyboard; sourceTree = "<group>"; };
		77E119BE222FE1900082F804 /* Assets.xcassets */ = {isa = PBXFileReference; lastKnownFileType = folder.assetcatalog; path = Assets.xcassets; sourceTree = "<group>"; };
		77E119C1222FE1900082F804 /* Base */ = {isa = PBXFileReference; lastKnownFileType = file.storyboard; name = Base; path = Base.lproj/LaunchScreen.storyboard; sourceTree = "<group>"; };
		77E119C3222FE1900082F804 /* Info.plist */ = {isa = PBXFileReference; lastKnownFileType = text.plist.xml; path = Info.plist; sourceTree = "<group>"; };
/* End PBXFileReference section */

/* Begin PBXFrameworksBuildPhase section */
		77E119B1222FE18F0082F804 /* Frameworks */ = {
			isa = PBXFrameworksBuildPhase;
			buildActionMask = 2147483647;
			files = (
			);
			runOnlyForDeploymentPostprocessing = 0;
		};
/* End PBXFrameworksBuildPhase section */

/* Begin PBXGroup section */
		776D647B22CBC405007D290E /* Models */ = {
			isa = PBXGroup;
			children = (
				776D647C22CBC420007D290E /* DataText.swift */,
			);
			path = Models;
			sourceTree = "<group>";
		};
		77E119AB222FE18F0082F804 = {
			isa = PBXGroup;
			children = (
				77E119B6222FE18F0082F804 /* Pass Data Tab Controller */,
				77E119B5222FE18F0082F804 /* Products */,
			);
			sourceTree = "<group>";
		};
		77E119B5222FE18F0082F804 /* Products */ = {
			isa = PBXGroup;
			children = (
				77E119B4222FE18F0082F804 /* Pass Data Tab Controller.app */,
			);
			name = Products;
			sourceTree = "<group>";
		};
		77E119B6222FE18F0082F804 /* Pass Data Tab Controller */ = {
			isa = PBXGroup;
			children = (
				776D647B22CBC405007D290E /* Models */,
				77E119C922300EB70082F804 /* Controllers */,
				77E119CA22300ED60082F804 /* Support files */,
				77B46BDF2230E9CF00EC2FC0 /* message.swift */,
				77E119C3222FE1900082F804 /* Info.plist */,
			);
			path = "Pass Data Tab Controller";
			sourceTree = "<group>";
		};
		77E119C922300EB70082F804 /* Controllers */ = {
			isa = PBXGroup;
			children = (
				77E119B9222FE18F0082F804 /* MainViewController.swift */,
			);
			path = Controllers;
			sourceTree = "<group>";
		};
		77E119CA22300ED60082F804 /* Support files */ = {
			isa = PBXGroup;
			children = (
				77E119B7222FE18F0082F804 /* AppDelegate.swift */,
				77E119BB222FE18F0082F804 /* Main.storyboard */,
				77E119BE222FE1900082F804 /* Assets.xcassets */,
				77E119C0222FE1900082F804 /* LaunchScreen.storyboard */,
			);
			path = "Support files";
			sourceTree = "<group>";
		};
/* End PBXGroup section */

/* Begin PBXNativeTarget section */
		77E119B3222FE18F0082F804 /* Pass Data Tab Controller */ = {
			isa = PBXNativeTarget;
			buildConfigurationList = 77E119C6222FE1900082F804 /* Build configuration list for PBXNativeTarget "Pass Data Tab Controller" */;
			buildPhases = (
				77E119B0222FE18F0082F804 /* Sources */,
				77E119B1222FE18F0082F804 /* Frameworks */,
				77E119B2222FE18F0082F804 /* Resources */,
			);
			buildRules = (
			);
			dependencies = (
			);
			name = "Pass Data Tab Controller";
			productName = "Pass Data Tab Controller";
			productReference = 77E119B4222FE18F0082F804 /* Pass Data Tab Controller.app */;
			productType = "com.apple.product-type.application";
		};
/* End PBXNativeTarget section */

/* Begin PBXProject section */
		77E119AC222FE18F0082F804 /* Project object */ = {
			isa = PBXProject;
			attributes = {
				LastSwiftUpdateCheck = 1010;
				LastUpgradeCheck = 1010;
				ORGANIZATIONNAME = viktorsoft;
				TargetAttributes = {
					77E119B3222FE18F0082F804 = {
						CreatedOnToolsVersion = 10.1;
						LastSwiftMigration = 1020;
					};
				};
			};
			buildConfigurationList = 77E119AF222FE18F0082F804 /* Build configuration list for PBXProject "Pass Data Tab Controller" */;
			compatibilityVersion = "Xcode 10.0";
			developmentRegion = en;
			hasScannedForEncodings = 0;
			knownRegions = (
				en,
				Base,
			);
			mainGroup = 77E119AB222FE18F0082F804;
			productRefGroup = 77E119B5222FE18F0082F804 /* Products */;
			projectDirPath = "";
			projectRoot = "";
			targets = (
				77E119B3222FE18F0082F804 /* Pass Data Tab Controller */,
			);
		};
/* End PBXProject section */

/* Begin PBXResourcesBuildPhase section */
		77E119B2222FE18F0082F804 /* Resources */ = {
			isa = PBXResourcesBuildPhase;
			buildActionMask = 2147483647;
			files = (
				77E119C2222FE1900082F804 /* LaunchScreen.storyboard in Resources */,
				77E119BF222FE1900082F804 /* Assets.xcassets in Resources */,
				77E119BD222FE18F0082F804 /* Main.storyboard in Resources */,
			);
			runOnlyForDeploymentPostprocessing = 0;
		};
/* End PBXResourcesBuildPhase section */

/* Begin PBXSourcesBuildPhase section */
		77E119B0222FE18F0082F804 /* Sources */ = {
			isa = PBXSourcesBuildPhase;
			buildActionMask = 2147483647;
			files = (
				776D647D22CBC420007D290E /* DataText.swift in Sources */,
				77B46BE02230E9CF00EC2FC0 /* message.swift in Sources */,
				77E119BA222FE18F0082F804 /* MainViewController.swift in Sources */,
				77E119B8222FE18F0082F804 /* AppDelegate.swift in Sources */,
			);
			runOnlyForDeploymentPostprocessing = 0;
		};
/* End PBXSourcesBuildPhase section */

/* Begin PBXVariantGroup section */
		77E119BB222FE18F0082F804 /* Main.storyboard */ = {
			isa = PBXVariantGroup;
			children = (
				77E119BC222FE18F0082F804 /* Base */,
			);
			name = Main.storyboard;
			sourceTree = "<group>";
		};
		77E119C0222FE1900082F804 /* LaunchScreen.storyboard */ = {
			isa = PBXVariantGroup;
			children = (
				77E119C1222FE1900082F804 /* Base */,
			);
			name = LaunchScreen.storyboard;
			sourceTree = "<group>";
		};
/* End PBXVariantGroup section */

/* Begin XCBuildConfiguration section */
		77E119C4222FE1900082F804 /* Debug */ = {
			isa = XCBuildConfiguration;
			buildSettings = {
				ALWAYS_SEARCH_USER_PATHS = NO;
				CLANG_ANALYZER_NONNULL = YES;
				CLANG_ANALYZER_NUMBER_OBJECT_CONVERSION = YES_AGGRESSIVE;
				CLANG_CXX_LANGUAGE_STANDARD = "gnu++14";
				CLANG_CXX_LIBRARY = "libc++";
				CLANG_ENABLE_MODULES = YES;
				CLANG_ENABLE_OBJC_ARC = YES;
				CLANG_ENABLE_OBJC_WEAK = YES;
				CLANG_WARN_BLOCK_CAPTURE_AUTORELEASING = YES;
				CLANG_WARN_BOOL_CONVERSION = YES;
				CLANG_WARN_COMMA = YES;
				CLANG_WARN_CONSTANT_CONVERSION = YES;
				CLANG_WARN_DEPRECATED_OBJC_IMPLEMENTATIONS = YES;
				CLANG_WARN_DIRECT_OBJC_ISA_USAGE = YES_ERROR;
				CLANG_WARN_DOCUMENTATION_COMMENTS = YES;
				CLANG_WARN_EMPTY_BODY = YES;
				CLANG_WARN_ENUM_CONVERSION = YES;
				CLANG_WARN_INFINITE_RECURSION = YES;
				CLANG_WARN_INT_CONVERSION = YES;
				CLANG_WARN_NON_LITERAL_NULL_CONVERSION = YES;
				CLANG_WARN_OBJC_IMPLICIT_RETAIN_SELF = YES;
				CLANG_WARN_OBJC_LITERAL_CONVERSION = YES;
				CLANG_WARN_OBJC_ROOT_CLASS = YES_ERROR;
				CLANG_WARN_RANGE_LOOP_ANALYSIS = YES;
				CLANG_WARN_STRICT_PROTOTYPES = YES;
				CLANG_WARN_SUSPICIOUS_MOVE = YES;
				CLANG_WARN_UNGUARDED_AVAILABILITY = YES_AGGRESSIVE;
				CLANG_WARN_UNREACHABLE_CODE = YES;
				CLANG_WARN__DUPLICATE_METHOD_MATCH = YES;
				CODE_SIGN_IDENTITY = "iPhone Developer";
				COPY_PHASE_STRIP = NO;
				DEBUG_INFORMATION_FORMAT = dwarf;
				ENABLE_STRICT_OBJC_MSGSEND = YES;
				ENABLE_TESTABILITY = YES;
				GCC_C_LANGUAGE_STANDARD = gnu11;
				GCC_DYNAMIC_NO_PIC = NO;
				GCC_NO_COMMON_BLOCKS = YES;
				GCC_OPTIMIZATION_LEVEL = 0;
				GCC_PREPROCESSOR_DEFINITIONS = (
					"DEBUG=1",
					"$(inherited)",
				);
				GCC_WARN_64_TO_32_BIT_CONVERSION = YES;
				GCC_WARN_ABOUT_RETURN_TYPE = YES_ERROR;
				GCC_WARN_UNDECLARED_SELECTOR = YES;
				GCC_WARN_UNINITIALIZED_AUTOS = YES_AGGRESSIVE;
				GCC_WARN_UNUSED_FUNCTION = YES;
				GCC_WARN_UNUSED_VARIABLE = YES;
				IPHONEOS_DEPLOYMENT_TARGET = 12.1;
				MTL_ENABLE_DEBUG_INFO = INCLUDE_SOURCE;
				MTL_FAST_MATH = YES;
				ONLY_ACTIVE_ARCH = YES;
				SDKROOT = iphoneos;
				SWIFT_ACTIVE_COMPILATION_CONDITIONS = DEBUG;
				SWIFT_OPTIMIZATION_LEVEL = "-Onone";
			};
			name = Debug;
		};
		77E119C5222FE1900082F804 /* Release */ = {
			isa = XCBuildConfiguration;
			buildSettings = {
				ALWAYS_SEARCH_USER_PATHS = NO;
				CLANG_ANALYZER_NONNULL = YES;
				CLANG_ANALYZER_NUMBER_OBJECT_CONVERSION = YES_AGGRESSIVE;
				CLANG_CXX_LANGUAGE_STANDARD = "gnu++14";
				CLANG_CXX_LIBRARY = "libc++";
				CLANG_ENABLE_MODULES = YES;
				CLANG_ENABLE_OBJC_ARC = YES;
				CLANG_ENABLE_OBJC_WEAK = YES;
				CLANG_WARN_BLOCK_CAPTURE_AUTORELEASING = YES;
				CLANG_WARN_BOOL_CONVERSION = YES;
				CLANG_WARN_COMMA = YES;
				CLANG_WARN_CONSTANT_CONVERSION = YES;
				CLANG_WARN_DEPRECATED_OBJC_IMPLEMENTATIONS = YES;
				CLANG_WARN_DIRECT_OBJC_ISA_USAGE = YES_ERROR;
				CLANG_WARN_DOCUMENTATION_COMMENTS = YES;
				CLANG_WARN_EMPTY_BODY = YES;
				CLANG_WARN_ENUM_CONVERSION = YES;
				CLANG_WARN_INFINITE_RECURSION = YES;
				CLANG_WARN_INT_CONVERSION = YES;
				CLANG_WARN_NON_LITERAL_NULL_CONVERSION = YES;
				CLANG_WARN_OBJC_IMPLICIT_RETAIN_SELF = YES;
				CLANG_WARN_OBJC_LITERAL_CONVERSION = YES;
				CLANG_WARN_OBJC_ROOT_CLASS = YES_ERROR;
				CLANG_WARN_RANGE_LOOP_ANALYSIS = YES;
				CLANG_WARN_STRICT_PROTOTYPES = YES;
				CLANG_WARN_SUSPICIOUS_MOVE = YES;
				CLANG_WARN_UNGUARDED_AVAILABILITY = YES_AGGRESSIVE;
				CLANG_WARN_UNREACHABLE_CODE = YES;
				CLANG_WARN__DUPLICATE_METHOD_MATCH = YES;
				CODE_SIGN_IDENTITY = "iPhone Developer";
				COPY_PHASE_STRIP = NO;
				DEBUG_INFORMATION_FORMAT = "dwarf-with-dsym";
				ENABLE_NS_ASSERTIONS = NO;
				ENABLE_STRICT_OBJC_MSGSEND = YES;
				GCC_C_LANGUAGE_STANDARD = gnu11;
				GCC_NO_COMMON_BLOCKS = YES;
				GCC_WARN_64_TO_32_BIT_CONVERSION = YES;
				GCC_WARN_ABOUT_RETURN_TYPE = YES_ERROR;
				GCC_WARN_UNDECLARED_SELECTOR = YES;
				GCC_WARN_UNINITIALIZED_AUTOS = YES_AGGRESSIVE;
				GCC_WARN_UNUSED_FUNCTION = YES;
				GCC_WARN_UNUSED_VARIABLE = YES;
				IPHONEOS_DEPLOYMENT_TARGET = 12.1;
				MTL_ENABLE_DEBUG_INFO = NO;
				MTL_FAST_MATH = YES;
				SDKROOT = iphoneos;
				SWIFT_COMPILATION_MODE = wholemodule;
				SWIFT_OPTIMIZATION_LEVEL = "-O";
				VALIDATE_PRODUCT = YES;
			};
			name = Release;
		};
		77E119C7222FE1900082F804 /* Debug */ = {
			isa = XCBuildConfiguration;
			buildSettings = {
				ASSETCATALOG_COMPILER_APPICON_NAME = AppIcon;
				CODE_SIGN_STYLE = Automatic;
				DEVELOPMENT_TEAM = A5TN22FY2J;
				INFOPLIST_FILE = "Pass Data Tab Controller/Info.plist";
				IPHONEOS_DEPLOYMENT_TARGET = 12.2;
				LD_RUNPATH_SEARCH_PATHS = (
					"$(inherited)",
					"@executable_path/Frameworks",
				);
				PRODUCT_BUNDLE_IDENTIFIER = "ru.viktorsoft.Pass-Data-Tab-Controller";
				PRODUCT_NAME = "$(TARGET_NAME)";
				SWIFT_VERSION = 5.0;
				TARGETED_DEVICE_FAMILY = "1,2";
			};
			name = Debug;
		};
		77E119C8222FE1900082F804 /* Release */ = {
			isa = XCBuildConfiguration;
			buildSettings = {
				ASSETCATALOG_COMPILER_APPICON_NAME = AppIcon;
				CODE_SIGN_STYLE = Automatic;
				DEVELOPMENT_TEAM = A5TN22FY2J;
				INFOPLIST_FILE = "Pass Data Tab Controller/Info.plist";
				IPHONEOS_DEPLOYMENT_TARGET = 12.2;
				LD_RUNPATH_SEARCH_PATHS = (
					"$(inherited)",
					"@executable_path/Frameworks",
				);
				PRODUCT_BUNDLE_IDENTIFIER = "ru.viktorsoft.Pass-Data-Tab-Controller";
				PRODUCT_NAME = "$(TARGET_NAME)";
				SWIFT_VERSION = 5.0;
				TARGETED_DEVICE_FAMILY = "1,2";
			};
			name = Release;
		};
/* End XCBuildConfiguration section */

/* Begin XCConfigurationList section */
		77E119AF222FE18F0082F804 /* Build configuration list for PBXProject "Pass Data Tab Controller" */ = {
			isa = XCConfigurationList;
			buildConfigurations = (
				77E119C4222FE1900082F804 /* Debug */,
				77E119C5222FE1900082F804 /* Release */,
			);
			defaultConfigurationIsVisible = 0;
			defaultConfigurationName = Release;
		};
		77E119C6222FE1900082F804 /* Build configuration list for PBXNativeTarget "Pass Data Tab Controller" */ = {
			isa = XCConfigurationList;
			buildConfigurations = (
				77E119C7222FE1900082F804 /* Debug */,
				77E119C8222FE1900082F804 /* Release */,
			);
			defaultConfigurationIsVisible = 0;
			defaultConfigurationName = Release;
		};
/* End XCConfigurationList section */
	};
	rootObject = 77E119AC222FE18F0082F804 /* Project object */;
}
